
Microsoft Visual Studio Solution File, Format Version 12.00
# Visual Studio Version 16
VisualStudioVersion = 16.0.30114.105
MinimumVisualStudioVersion = 10.0.40219.1
Project("{9092AA53-FB77-4645-B42D-1CCCA6BD08BD}") = "DenemeTypeScriptML", "DenemeTypeScriptML\DenemeTypeScriptML.njsproj", "{143155C8-74B5-4F54-958E-EF2DFE7C5432}"
EndProject
Global
	GlobalSection(SolutionConfigurationPlatforms) = preSolution
		Debug|Any CPU = Debug|Any CPU
		Release|Any CPU = Release|Any CPU
	EndGlobalSection
	GlobalSection(ProjectConfigurationPlatforms) = postSolution
		{143155C8-74B5-4F54-958E-EF2DFE7C5432}.Debug|Any CPU.ActiveCfg = Debug|Any CPU
		{143155C8-74B5-4F54-958E-EF2DFE7C5432}.Debug|Any CPU.Build.0 = Debug|Any CPU
		{143155C8-74B5-4F54-958E-EF2DFE7C5432}.Release|Any CPU.ActiveCfg = Release|Any CPU
		{143155C8-74B5-4F54-958E-EF2DFE7C5432}.Release|Any CPU.Build.0 = Release|Any CPU
	EndGlobalSection
	GlobalSection(SolutionProperties) = preSolution
		HideSolutionNode = FALSE
	EndGlobalSection
	GlobalSection(ExtensibilityGlobals) = postSolution
		SolutionGuid = {B0E14F6C-8656-4018-ABEA-F1C5F4623877}
	EndGlobalSection
EndGlobal
